
Microsoft Visual Studio Solution File, Format Version 12.00
# Visual Studio Version 17
VisualStudioVersion = 17.0.31903.59
MinimumVisualStudioVersion = 10.0.40219.1
Project("{FAE04EC0-301F-11D3-BF4B-00C04F79EFBC}") = "FiscalPlatform.Domain", "FiscalPlatform.Domain\FiscalPlatform.Domain.csproj", "{77BDAFFE-AC4B-45E0-BD8F-9CAB9399C289}"
EndProject
Project("{FAE04EC0-301F-11D3-BF4B-00C04F79EFBC}") = "FiscalPlatform.Application", "FiscalPlatform.Application\FiscalPlatform.Application.csproj", "{3BE9F589-4A4F-4838-AA28-9BE552CB4757}"
EndProject
Project("{FAE04EC0-301F-11D3-BF4B-00C04F79EFBC}") = "FiscalPlatform.Infrastructure", "FiscalPlatform.Infrastructure\FiscalPlatform.Infrastructure.csproj", "{54390D34-B49C-457F-BD04-F189EBBCE7CE}"
EndProject
Project("{FAE04EC0-301F-11D3-BF4B-00C04F79EFBC}") = "FiscalPlatform.API", "FiscalPlatform.API\FiscalPlatform.API.csproj", "{AF81ECBD-CAA3-4C55-8740-54A649DF263E}"
EndProject
Global
	GlobalSection(SolutionConfigurationPlatforms) = preSolution
		Debug|Any CPU = Debug|Any CPU
		Release|Any CPU = Release|Any CPU
	EndGlobalSection
	GlobalSection(SolutionProperties) = preSolution
		HideSolutionNode = FALSE
	EndGlobalSection
	GlobalSection(ProjectConfigurationPlatforms) = postSolution
		{77BDAFFE-AC4B-45E0-BD8F-9CAB9399C289}.Debug|Any CPU.ActiveCfg = Debug|Any CPU
		{77BDAFFE-AC4B-45E0-BD8F-9CAB9399C289}.Debug|Any CPU.Build.0 = Debug|Any CPU
		{77BDAFFE-AC4B-45E0-BD8F-9CAB9399C289}.Release|Any CPU.ActiveCfg = Release|Any CPU
		{77BDAFFE-AC4B-45E0-BD8F-9CAB9399C289}.Release|Any CPU.Build.0 = Release|Any CPU
		{3BE9F589-4A4F-4838-AA28-9BE552CB4757}.Debug|Any CPU.ActiveCfg = Debug|Any CPU
		{3BE9F589-4A4F-4838-AA28-9BE552CB4757}.Debug|Any CPU.Build.0 = Debug|Any CPU
		{3BE9F589-4A4F-4838-AA28-9BE552CB4757}.Release|Any CPU.ActiveCfg = Release|Any CPU
		{3BE9F589-4A4F-4838-AA28-9BE552CB4757}.Release|Any CPU.Build.0 = Release|Any CPU
		{54390D34-B49C-457F-BD04-F189EBBCE7CE}.Debug|Any CPU.ActiveCfg = Debug|Any CPU
		{54390D34-B49C-457F-BD04-F189EBBCE7CE}.Debug|Any CPU.Build.0 = Debug|Any CPU
		{54390D34-B49C-457F-BD04-F189EBBCE7CE}.Release|Any CPU.ActiveCfg = Release|Any CPU
		{54390D34-B49C-457F-BD04-F189EBBCE7CE}.Release|Any CPU.Build.0 = Release|Any CPU
		{AF81ECBD-CAA3-4C55-8740-54A649DF263E}.Debug|Any CPU.ActiveCfg = Debug|Any CPU
		{AF81ECBD-CAA3-4C55-8740-54A649DF263E}.Debug|Any CPU.Build.0 = Debug|Any CPU
		{AF81ECBD-CAA3-4C55-8740-54A649DF263E}.Release|Any CPU.ActiveCfg = Release|Any CPU
		{AF81ECBD-CAA3-4C55-8740-54A649DF263E}.Release|Any CPU.Build.0 = Release|Any CPU
	EndGlobalSection
EndGlobal
